
Microsoft Visual Studio Solution File, Format Version 12.00
# Visual Studio Version 16
VisualStudioVersion = 16.0.29911.84
MinimumVisualStudioVersion = 10.0.40219.1
Project("{9A19103F-16F7-4668-BE54-9A1E7A4F7556}") = "TDD-Katas", "src\TDD-Katas.csproj", "{88882C78-E250-4041-8234-CD56ECAF461C}"
EndProject
Project("{2150E333-8FDC-42A3-9474-1A3956D46DE8}") = "Solution Items", "Solution Items", "{5FAE43B0-8B09-4EB0-84EF-4ADAF6573961}"
	ProjectSection(SolutionItems) = preProject
		.editorconfig = .editorconfig
	EndProjectSection
EndProject
Global
	GlobalSection(SolutionConfigurationPlatforms) = preSolution
		Debug|Any CPU = Debug|Any CPU
		Release|Any CPU = Release|Any CPU
	EndGlobalSection
	GlobalSection(ProjectConfigurationPlatforms) = postSolution
		{88882C78-E250-4041-8234-CD56ECAF461C}.Debug|Any CPU.ActiveCfg = Debug|Any CPU
		{88882C78-E250-4041-8234-CD56ECAF461C}.Debug|Any CPU.Build.0 = Debug|Any CPU
		{88882C78-E250-4041-8234-CD56ECAF461C}.Release|Any CPU.ActiveCfg = Release|Any CPU
		{88882C78-E250-4041-8234-CD56ECAF461C}.Release|Any CPU.Build.0 = Release|Any CPU
	EndGlobalSection
	GlobalSection(SolutionProperties) = preSolution
		HideSolutionNode = FALSE
	EndGlobalSection
	GlobalSection(ExtensibilityGlobals) = postSolution
		SolutionGuid = {876B42E4-901C-4932-AFE4-D48E5830C3D3}
	EndGlobalSection
EndGlobal
